
Microsoft Visual Studio Solution File, Format Version 12.00
# Visual Studio Version 17
VisualStudioVersion = 17.4.33213.308
MinimumVisualStudioVersion = 10.0.40219.1
Project("{9A19103F-16F7-4668-BE54-9A1E7A4F7556}") = "MiniNet", "MiniNet.csproj", "{46F4CEA9-84B1-4B1F-A1E6-3207F0F11607}"
EndProject
Project("{FAE04EC0-301F-11D3-BF4B-00C04F79EFBC}") = "Test", "Test\Test\Test.csproj", "{FE4E1A9E-17DA-40F1-830E-CDABD2D4128C}"
EndProject
Global
	GlobalSection(SolutionConfigurationPlatforms) = preSolution
		Debug|Any CPU = Debug|Any CPU
		Debug|x64 = Debug|x64
		Release|Any CPU = Release|Any CPU
		Release|x64 = Release|x64
	EndGlobalSection
	GlobalSection(ProjectConfigurationPlatforms) = postSolution
		{46F4CEA9-84B1-4B1F-A1E6-3207F0F11607}.Debug|Any CPU.ActiveCfg = Debug|Any CPU
		{46F4CEA9-84B1-4B1F-A1E6-3207F0F11607}.Debug|Any CPU.Build.0 = Debug|Any CPU
		{46F4CEA9-84B1-4B1F-A1E6-3207F0F11607}.Debug|x64.ActiveCfg = Debug|x64
		{46F4CEA9-84B1-4B1F-A1E6-3207F0F11607}.Debug|x64.Build.0 = Debug|x64
		{46F4CEA9-84B1-4B1F-A1E6-3207F0F11607}.Release|Any CPU.ActiveCfg = Release|Any CPU
		{46F4CEA9-84B1-4B1F-A1E6-3207F0F11607}.Release|Any CPU.Build.0 = Release|Any CPU
		{46F4CEA9-84B1-4B1F-A1E6-3207F0F11607}.Release|x64.ActiveCfg = Release|x64
		{46F4CEA9-84B1-4B1F-A1E6-3207F0F11607}.Release|x64.Build.0 = Release|x64
		{FE4E1A9E-17DA-40F1-830E-CDABD2D4128C}.Debug|Any CPU.ActiveCfg = Debug|Any CPU
		{FE4E1A9E-17DA-40F1-830E-CDABD2D4128C}.Debug|Any CPU.Build.0 = Debug|Any CPU
		{FE4E1A9E-17DA-40F1-830E-CDABD2D4128C}.Debug|x64.ActiveCfg = Debug|Any CPU
		{FE4E1A9E-17DA-40F1-830E-CDABD2D4128C}.Debug|x64.Build.0 = Debug|Any CPU
		{FE4E1A9E-17DA-40F1-830E-CDABD2D4128C}.Release|Any CPU.ActiveCfg = Release|Any CPU
		{FE4E1A9E-17DA-40F1-830E-CDABD2D4128C}.Release|Any CPU.Build.0 = Release|Any CPU
		{FE4E1A9E-17DA-40F1-830E-CDABD2D4128C}.Release|x64.ActiveCfg = Release|Any CPU
		{FE4E1A9E-17DA-40F1-830E-CDABD2D4128C}.Release|x64.Build.0 = Release|Any CPU
	EndGlobalSection
	GlobalSection(SolutionProperties) = preSolution
		HideSolutionNode = FALSE
	EndGlobalSection
	GlobalSection(ExtensibilityGlobals) = postSolution
		SolutionGuid = {90A92C2C-E37F-4C68-982C-7E5077AB86F0}
	EndGlobalSection
EndGlobal
